{
  "requires": true,
  "lockfileVersion": 1,
  "dependencies": {
    "@types/node": {
      "version": "16.4.9",
      "resolved": "https://registry.npmjs.org/@types/node/-/node-16.4.9.tgz",
      "integrity": "sha512-HXhRf581nCItzn8yevv4LYt+bJ5cBbDBAJExbDPMeU/2n5/j0ZemGpayahFBP4xL7RseaCLASLD9i9AYyDe7Nw==",
      "dev": true
    },
    "typescript": {
      "version": "file:https:/registry.npmjs.org/typescript/-/typescript-4.3.5.tgz",
      "integrity": "sha512-DqQgihaQ9cUrskJo9kIyW/+g0Vxsk8cDtZ52a3NGh0YNTfpUSArXSohyUGnvbPazEPLu398C0UxmKSOrPumUzA=="
    }
  }
}
